<?xml version="1.0" encoding="utf-8"?>
<Project ToolsVersion="4.0" xmlns="http://schemas.microsoft.com/developer/msbuild/2003">
  <ItemGroup>
    <ClCompile Include="Core\Graphics\Camera.cpp" />
    <ClCompile Include="Core\Controller\Context.cpp" />
    <ClCompile Include="Core\Graphics\Renderer.cpp" />
    <ClCompile Include="Core\Graphics\Shader.cpp" />
    <ClCompile Include="Core\Graphics\Texture.cpp" />
    <ClCompile Include="Core\Graphics\Window.cpp" />
    <ClCompile Include="Core\Input\Input.cpp" />
    <ClCompile Include="Core\Terrain\Block.cpp" />
    <ClCompile Include="Core\Terrain\Chunk.cpp" />
    <ClCompile Include="Core\Terrain\Skybox.cpp" />
    <ClCompile Include="Core\Terrain\SkyboxBlock.cpp" />
    <ClCompile Include="Core\Terrain\WorldTree.cpp" />
    <ClCompile Include="Core\Utils\PerlinNoise.cpp" />
    <ClCompile Include="main.cpp" />
    <ClCompile Include="Core\Graphics\BlockContext.cpp" />
    <ClCompile Include="Core\Graphics\SkyBlockContext.cpp" />
  </ItemGroup>
  <ItemGroup>
    <ClInclude Include="Core\Graphics\Camera.hpp" />
    <ClInclude Include="Core\Controller\Context.hpp" />
    <ClInclude Include="Core\Controller\Controller.hpp" />
    <ClInclude Include="Core\Graphics\Drawable.hpp" />
    <ClInclude Include="Core\Graphics\Renderer.hpp" />
    <ClInclude Include="Core\Graphics\Shader.hpp" />
    <ClInclude Include="Core\Graphics\Texture.hpp" />
    <ClInclude Include="Core\Graphics\Window.hpp" />
    <ClInclude Include="Core\Input\Input.hpp" />
    <ClInclude Include="Core\Terrain\Block.hpp" />
    <ClInclude Include="Core\Terrain\Chunk.hpp" />
    <ClInclude Include="Core\Terrain\Skybox.hpp" />
    <ClInclude Include="Core\Terrain\SkyboxBlock.hpp" />
    <ClInclude Include="Core\Terrain\WorldTree.hpp" />
    <ClInclude Include="Core\Utils\GL.hpp" />
    <ClInclude Include="Core\Utils\Output.hpp" />
    <ClInclude Include="Core\Utils\PerlinNoise.hpp" />
    <ClInclude Include="Core\Graphics\PrimitiveContext.hpp" />
    <ClInclude Include="Core\Graphics\BlockContext.hpp" />
    <ClInclude Include="Core\Graphics\SkyBlockContext.hpp" />
  </ItemGroup>
  <ItemGroup>
    <Library Include="Libs\glew-1.13.0\lib\Release\x64\glew32s.lib" />
  </ItemGroup>
  <ItemGroup>
    <None Include="ClassDiagram.cd" />
    <None Include="Libs\FreeImage\x64\FreeImage.dll" />
    <None Include="Shader\simpleFragment.glsl" />
    <None Include="Shader\simpleVertex.glsl" />
    <None Include="Shader\skyFragment.glsl" />
    <None Include="Shader\skyVertex.glsl" />
    <None Include="README.md" />
    <None Include=".gitignore" />
    <None Include="LICENSE" />
    <None Include="Test.py" />
    <None Include="Shader\waterFragment.glsl" />
    <None Include="Shader\waterVertex.glsl" />
  </ItemGroup>
</Project>